
Microsoft Visual Studio Solution File, Format Version 12.00
# Visual Studio Version 16
VisualStudioVersion = 25.0.1706.9
MinimumVisualStudioVersion = 10.0.40219.1
Project("{FAE04EC0-301F-11D3-BF4B-00C04F79EFBC}") = "RobotAPI.Test", "RobotAPI.Test.csproj", "{FBD50047-BCFF-44DF-9665-3EDCD158BFFF}"
EndProject
Global
	GlobalSection(SolutionConfigurationPlatforms) = preSolution
		Debug|Any CPU = Debug|Any CPU
		Release|Any CPU = Release|Any CPU
	EndGlobalSection
	GlobalSection(ProjectConfigurationPlatforms) = postSolution
		{FBD50047-BCFF-44DF-9665-3EDCD158BFFF}.Debug|Any CPU.ActiveCfg = Debug|Any CPU
		{FBD50047-BCFF-44DF-9665-3EDCD158BFFF}.Debug|Any CPU.Build.0 = Debug|Any CPU
		{FBD50047-BCFF-44DF-9665-3EDCD158BFFF}.Release|Any CPU.ActiveCfg = Release|Any CPU
		{FBD50047-BCFF-44DF-9665-3EDCD158BFFF}.Release|Any CPU.Build.0 = Release|Any CPU
	EndGlobalSection
	GlobalSection(SolutionProperties) = preSolution
		HideSolutionNode = FALSE
	EndGlobalSection
	GlobalSection(ExtensibilityGlobals) = postSolution
		SolutionGuid = {FAEB1CE2-6AF4-4535-AC6D-45F827F965DC}
	EndGlobalSection
EndGlobal
